
Microsoft Visual Studio Solution File, Format Version 12.00
# Visual Studio 2012
Project("{FAE04EC0-301F-11D3-BF4B-00C04F79EFBC}") = "BifrostTests", "BifrostTests\BifrostTests.csproj", "{3327427D-AFA0-4E8D-8136-424C4AC4C16D}"
EndProject
Project("{2150E333-8FDC-42A3-9474-1A3956D46DE8}") = "Dependencies", "Dependencies", "{D1AE4D2E-AF26-445F-80AB-71E2BF0DFB52}"
EndProject
Project("{2150E333-8FDC-42A3-9474-1A3956D46DE8}") = "UnitTests", "UnitTests", "{B2C1919C-8448-4393-B07E-9E4865AC7B82}"
EndProject
Project("{2150E333-8FDC-42A3-9474-1A3956D46DE8}") = "Graphs", "Graphs", "{BE43F573-9A89-43C4-8F5F-3E5A1134187E}"
EndProject
Project("{2150E333-8FDC-42A3-9474-1A3956D46DE8}") = "Networking", "Networking", "{2D756F03-5A7E-41E8-A18E-AB34EAEE31E7}"
EndProject
Project("{FAE04EC0-301F-11D3-BF4B-00C04F79EFBC}") = "Bifrost", "Bifrost\Bifrost.csproj", "{F6FA73F9-14B4-4033-AAFE-9BFA66BD98F5}"
EndProject
Project("{2150E333-8FDC-42A3-9474-1A3956D46DE8}") = "Dependencies", "Dependencies", "{5024D18C-B484-4476-A548-3D2B5C0CD0A1}"
EndProject
Project("{2150E333-8FDC-42A3-9474-1A3956D46DE8}") = "Networking", "Networking", "{F7C27088-D72C-4D5E-B4FE-AC0B5807DF51}"
EndProject
Project("{2150E333-8FDC-42A3-9474-1A3956D46DE8}") = "Graphs", "Graphs", "{FB67242E-A122-4549-BDBB-A0A5FE3779D2}"
EndProject
Project("{FAE04EC0-301F-11D3-BF4B-00C04F79EFBC}") = "Illias", "..\Illias\Illias\Illias.csproj", "{E156F18D-D41C-4529-9BCC-9962E6EE25DA}"
EndProject
Project("{FAE04EC0-301F-11D3-BF4B-00C04F79EFBC}") = "Illias.NET4.5", "..\Illias\Illias.NET4.5\Illias.NET4.5.csproj", "{23D37453-2D4E-4BD8-B40F-3E731FEE7712}"
EndProject
Project("{FAE04EC0-301F-11D3-BF4B-00C04F79EFBC}") = "Styx", "..\Styx\Styx\Styx.csproj", "{3949790D-8591-4101-9E4D-CE7A758E7409}"
EndProject
Project("{FAE04EC0-301F-11D3-BF4B-00C04F79EFBC}") = "Styx.NET4.5", "..\Styx\Styx.NET4.5\Styx.NET4.5.csproj", "{AF76ECC0-2CA5-4CFF-9E1E-FF5478C4B6E4}"
EndProject
Project("{FAE04EC0-301F-11D3-BF4B-00C04F79EFBC}") = "Eunomia", "..\Eunomia\Eunomia\Eunomia.csproj", "{1DF1A588-33B1-4168-9487-604FE5680681}"
EndProject
Project("{FAE04EC0-301F-11D3-BF4B-00C04F79EFBC}") = "Balder", "..\Balder\Balder\Balder.csproj", "{D2B4E7C7-0524-4DE5-9D62-2DE05682A74D}"
EndProject
Project("{FAE04EC0-301F-11D3-BF4B-00C04F79EFBC}") = "BalderGraphs", "..\Balder\BalderGraphs\BalderGraphs.csproj", "{562AC94F-60EA-4911-8C62-684F02867783}"
EndProject
Project("{FAE04EC0-301F-11D3-BF4B-00C04F79EFBC}") = "JurassicGraphs", "..\Balder\JurassicGraphs\JurassicGraphs.csproj", "{B84C5392-CA7E-4F8A-A406-A55E31C1B04A}"
EndProject
Project("{FAE04EC0-301F-11D3-BF4B-00C04F79EFBC}") = "Jurassic", "..\Jurassic\Jurassic\Jurassic.csproj", "{9B109B9C-4B72-4BDB-B531-627D7E93011E}"
EndProject
Project("{FAE04EC0-301F-11D3-BF4B-00C04F79EFBC}") = "Hermod", "..\Hermod\Hermod\Hermod.csproj", "{477EFD16-3627-4473-957D-44CA9A9DFB79}"
EndProject
Global
	GlobalSection(SolutionConfigurationPlatforms) = preSolution
		Debug|Any CPU = Debug|Any CPU
		Release|Any CPU = Release|Any CPU
	EndGlobalSection
	GlobalSection(ProjectConfigurationPlatforms) = postSolution
		{3327427D-AFA0-4E8D-8136-424C4AC4C16D}.Debug|Any CPU.ActiveCfg = Debug|Any CPU
		{3327427D-AFA0-4E8D-8136-424C4AC4C16D}.Debug|Any CPU.Build.0 = Debug|Any CPU
		{3327427D-AFA0-4E8D-8136-424C4AC4C16D}.Release|Any CPU.ActiveCfg = Release|Any CPU
		{3327427D-AFA0-4E8D-8136-424C4AC4C16D}.Release|Any CPU.Build.0 = Release|Any CPU
		{F6FA73F9-14B4-4033-AAFE-9BFA66BD98F5}.Debug|Any CPU.ActiveCfg = Debug|Any CPU
		{F6FA73F9-14B4-4033-AAFE-9BFA66BD98F5}.Debug|Any CPU.Build.0 = Debug|Any CPU
		{F6FA73F9-14B4-4033-AAFE-9BFA66BD98F5}.Release|Any CPU.ActiveCfg = Release|Any CPU
		{F6FA73F9-14B4-4033-AAFE-9BFA66BD98F5}.Release|Any CPU.Build.0 = Release|Any CPU
		{E156F18D-D41C-4529-9BCC-9962E6EE25DA}.Debug|Any CPU.ActiveCfg = Debug|Any CPU
		{E156F18D-D41C-4529-9BCC-9962E6EE25DA}.Debug|Any CPU.Build.0 = Debug|Any CPU
		{E156F18D-D41C-4529-9BCC-9962E6EE25DA}.Release|Any CPU.ActiveCfg = Release|Any CPU
		{E156F18D-D41C-4529-9BCC-9962E6EE25DA}.Release|Any CPU.Build.0 = Release|Any CPU
		{23D37453-2D4E-4BD8-B40F-3E731FEE7712}.Debug|Any CPU.ActiveCfg = Debug|Any CPU
		{23D37453-2D4E-4BD8-B40F-3E731FEE7712}.Debug|Any CPU.Build.0 = Debug|Any CPU
		{23D37453-2D4E-4BD8-B40F-3E731FEE7712}.Release|Any CPU.ActiveCfg = Release|Any CPU
		{23D37453-2D4E-4BD8-B40F-3E731FEE7712}.Release|Any CPU.Build.0 = Release|Any CPU
		{3949790D-8591-4101-9E4D-CE7A758E7409}.Debug|Any CPU.ActiveCfg = Debug|Any CPU
		{3949790D-8591-4101-9E4D-CE7A758E7409}.Debug|Any CPU.Build.0 = Debug|Any CPU
		{3949790D-8591-4101-9E4D-CE7A758E7409}.Release|Any CPU.ActiveCfg = Release|Any CPU
		{3949790D-8591-4101-9E4D-CE7A758E7409}.Release|Any CPU.Build.0 = Release|Any CPU
		{AF76ECC0-2CA5-4CFF-9E1E-FF5478C4B6E4}.Debug|Any CPU.ActiveCfg = Debug|Any CPU
		{AF76ECC0-2CA5-4CFF-9E1E-FF5478C4B6E4}.Debug|Any CPU.Build.0 = Debug|Any CPU
		{AF76ECC0-2CA5-4CFF-9E1E-FF5478C4B6E4}.Release|Any CPU.ActiveCfg = Release|Any CPU
		{AF76ECC0-2CA5-4CFF-9E1E-FF5478C4B6E4}.Release|Any CPU.Build.0 = Release|Any CPU
		{1DF1A588-33B1-4168-9487-604FE5680681}.Debug|Any CPU.ActiveCfg = Debug|Any CPU
		{1DF1A588-33B1-4168-9487-604FE5680681}.Debug|Any CPU.Build.0 = Debug|Any CPU
		{1DF1A588-33B1-4168-9487-604FE5680681}.Release|Any CPU.ActiveCfg = Release|Any CPU
		{1DF1A588-33B1-4168-9487-604FE5680681}.Release|Any CPU.Build.0 = Release|Any CPU
		{D2B4E7C7-0524-4DE5-9D62-2DE05682A74D}.Debug|Any CPU.ActiveCfg = Debug|Any CPU
		{D2B4E7C7-0524-4DE5-9D62-2DE05682A74D}.Debug|Any CPU.Build.0 = Debug|Any CPU
		{D2B4E7C7-0524-4DE5-9D62-2DE05682A74D}.Release|Any CPU.ActiveCfg = Release|Any CPU
		{D2B4E7C7-0524-4DE5-9D62-2DE05682A74D}.Release|Any CPU.Build.0 = Release|Any CPU
		{562AC94F-60EA-4911-8C62-684F02867783}.Debug|Any CPU.ActiveCfg = Debug|Any CPU
		{562AC94F-60EA-4911-8C62-684F02867783}.Debug|Any CPU.Build.0 = Debug|Any CPU
		{562AC94F-60EA-4911-8C62-684F02867783}.Release|Any CPU.ActiveCfg = Release|Any CPU
		{562AC94F-60EA-4911-8C62-684F02867783}.Release|Any CPU.Build.0 = Release|Any CPU
		{B84C5392-CA7E-4F8A-A406-A55E31C1B04A}.Debug|Any CPU.ActiveCfg = Debug|Any CPU
		{B84C5392-CA7E-4F8A-A406-A55E31C1B04A}.Debug|Any CPU.Build.0 = Debug|Any CPU
		{B84C5392-CA7E-4F8A-A406-A55E31C1B04A}.Release|Any CPU.ActiveCfg = Release|Any CPU
		{B84C5392-CA7E-4F8A-A406-A55E31C1B04A}.Release|Any CPU.Build.0 = Release|Any CPU
		{9B109B9C-4B72-4BDB-B531-627D7E93011E}.Debug|Any CPU.ActiveCfg = Debug|Any CPU
		{9B109B9C-4B72-4BDB-B531-627D7E93011E}.Debug|Any CPU.Build.0 = Debug|Any CPU
		{9B109B9C-4B72-4BDB-B531-627D7E93011E}.Release|Any CPU.ActiveCfg = Release|Any CPU
		{9B109B9C-4B72-4BDB-B531-627D7E93011E}.Release|Any CPU.Build.0 = Release|Any CPU
		{477EFD16-3627-4473-957D-44CA9A9DFB79}.Debug|Any CPU.ActiveCfg = Debug|Any CPU
		{477EFD16-3627-4473-957D-44CA9A9DFB79}.Debug|Any CPU.Build.0 = Debug|Any CPU
		{477EFD16-3627-4473-957D-44CA9A9DFB79}.Release|Any CPU.ActiveCfg = Release|Any CPU
		{477EFD16-3627-4473-957D-44CA9A9DFB79}.Release|Any CPU.Build.0 = Release|Any CPU
	EndGlobalSection
	GlobalSection(SolutionProperties) = preSolution
		HideSolutionNode = FALSE
	EndGlobalSection
	GlobalSection(NestedProjects) = preSolution
		{3327427D-AFA0-4E8D-8136-424C4AC4C16D} = {B2C1919C-8448-4393-B07E-9E4865AC7B82}
		{5024D18C-B484-4476-A548-3D2B5C0CD0A1} = {B2C1919C-8448-4393-B07E-9E4865AC7B82}
		{F7C27088-D72C-4D5E-B4FE-AC0B5807DF51} = {D1AE4D2E-AF26-445F-80AB-71E2BF0DFB52}
		{FB67242E-A122-4549-BDBB-A0A5FE3779D2} = {D1AE4D2E-AF26-445F-80AB-71E2BF0DFB52}
		{E156F18D-D41C-4529-9BCC-9962E6EE25DA} = {D1AE4D2E-AF26-445F-80AB-71E2BF0DFB52}
		{23D37453-2D4E-4BD8-B40F-3E731FEE7712} = {D1AE4D2E-AF26-445F-80AB-71E2BF0DFB52}
		{3949790D-8591-4101-9E4D-CE7A758E7409} = {D1AE4D2E-AF26-445F-80AB-71E2BF0DFB52}
		{AF76ECC0-2CA5-4CFF-9E1E-FF5478C4B6E4} = {D1AE4D2E-AF26-445F-80AB-71E2BF0DFB52}
		{9B109B9C-4B72-4BDB-B531-627D7E93011E} = {D1AE4D2E-AF26-445F-80AB-71E2BF0DFB52}
		{2D756F03-5A7E-41E8-A18E-AB34EAEE31E7} = {5024D18C-B484-4476-A548-3D2B5C0CD0A1}
		{BE43F573-9A89-43C4-8F5F-3E5A1134187E} = {5024D18C-B484-4476-A548-3D2B5C0CD0A1}
		{477EFD16-3627-4473-957D-44CA9A9DFB79} = {F7C27088-D72C-4D5E-B4FE-AC0B5807DF51}
		{1DF1A588-33B1-4168-9487-604FE5680681} = {FB67242E-A122-4549-BDBB-A0A5FE3779D2}
		{D2B4E7C7-0524-4DE5-9D62-2DE05682A74D} = {FB67242E-A122-4549-BDBB-A0A5FE3779D2}
		{562AC94F-60EA-4911-8C62-684F02867783} = {FB67242E-A122-4549-BDBB-A0A5FE3779D2}
		{B84C5392-CA7E-4F8A-A406-A55E31C1B04A} = {FB67242E-A122-4549-BDBB-A0A5FE3779D2}
	EndGlobalSection
EndGlobal
